
Microsoft Visual Studio Solution File, Format Version 12.00
# Visual Studio 14
VisualStudioVersion = 14.0.23107.0
MinimumVisualStudioVersion = 10.0.40219.1
Project("{FAE04EC0-301F-11D3-BF4B-00C04F79EFBC}") = "FbSample", "FbSample\FbSample\FbSample.csproj", "{64A8FF3F-FF17-4C6F-AF25-66ABD4CE7CC4}"
EndProject
Project("{FAE04EC0-301F-11D3-BF4B-00C04F79EFBC}") = "FbSample.iOS", "FbSample\FbSample.iOS\FbSample.iOS.csproj", "{7FA25FD9-3BA5-43A5-A17B-C9B24B196894}"
EndProject
Project("{FAE04EC0-301F-11D3-BF4B-00C04F79EFBC}") = "FbSample.Droid", "FbSample\FbSample.Droid\FbSample.Droid.csproj", "{B198099E-E404-4F3C-AB6E-05D4F9C7FD1A}"
EndProject
Project("{FAE04EC0-301F-11D3-BF4B-00C04F79EFBC}") = "FbSample.WinPhone", "FbSample\FbSample.WinPhone\FbSample.WinPhone.csproj", "{A43BEB38-6B71-4C7C-BD1D-751EDC4690F0}"
EndProject
Global
	GlobalSection(SolutionConfigurationPlatforms) = preSolution
		Ad-Hoc|Any CPU = Ad-Hoc|Any CPU
		Ad-Hoc|ARM = Ad-Hoc|ARM
		Ad-Hoc|iPhone = Ad-Hoc|iPhone
		Ad-Hoc|iPhoneSimulator = Ad-Hoc|iPhoneSimulator
		Ad-Hoc|x86 = Ad-Hoc|x86
		AppStore|Any CPU = AppStore|Any CPU
		AppStore|ARM = AppStore|ARM
		AppStore|iPhone = AppStore|iPhone
		AppStore|iPhoneSimulator = AppStore|iPhoneSimulator
		AppStore|x86 = AppStore|x86
		Debug|Any CPU = Debug|Any CPU
		Debug|ARM = Debug|ARM
		Debug|iPhone = Debug|iPhone
		Debug|iPhoneSimulator = Debug|iPhoneSimulator
		Debug|x86 = Debug|x86
		Release|Any CPU = Release|Any CPU
		Release|ARM = Release|ARM
		Release|iPhone = Release|iPhone
		Release|iPhoneSimulator = Release|iPhoneSimulator
		Release|x86 = Release|x86
	EndGlobalSection
	GlobalSection(ProjectConfigurationPlatforms) = postSolution
		{64A8FF3F-FF17-4C6F-AF25-66ABD4CE7CC4}.Ad-Hoc|Any CPU.ActiveCfg = Release|Any CPU
		{64A8FF3F-FF17-4C6F-AF25-66ABD4CE7CC4}.Ad-Hoc|Any CPU.Build.0 = Release|Any CPU
		{64A8FF3F-FF17-4C6F-AF25-66ABD4CE7CC4}.Ad-Hoc|ARM.ActiveCfg = Release|Any CPU
		{64A8FF3F-FF17-4C6F-AF25-66ABD4CE7CC4}.Ad-Hoc|ARM.Build.0 = Release|Any CPU
		{64A8FF3F-FF17-4C6F-AF25-66ABD4CE7CC4}.Ad-Hoc|iPhone.ActiveCfg = Release|Any CPU
		{64A8FF3F-FF17-4C6F-AF25-66ABD4CE7CC4}.Ad-Hoc|iPhone.Build.0 = Release|Any CPU
		{64A8FF3F-FF17-4C6F-AF25-66ABD4CE7CC4}.Ad-Hoc|iPhoneSimulator.ActiveCfg = Release|Any CPU
		{64A8FF3F-FF17-4C6F-AF25-66ABD4CE7CC4}.Ad-Hoc|iPhoneSimulator.Build.0 = Release|Any CPU
		{64A8FF3F-FF17-4C6F-AF25-66ABD4CE7CC4}.Ad-Hoc|x86.ActiveCfg = Release|Any CPU
		{64A8FF3F-FF17-4C6F-AF25-66ABD4CE7CC4}.Ad-Hoc|x86.Build.0 = Release|Any CPU
		{64A8FF3F-FF17-4C6F-AF25-66ABD4CE7CC4}.AppStore|Any CPU.ActiveCfg = Release|Any CPU
		{64A8FF3F-FF17-4C6F-AF25-66ABD4CE7CC4}.AppStore|Any CPU.Build.0 = Release|Any CPU
		{64A8FF3F-FF17-4C6F-AF25-66ABD4CE7CC4}.AppStore|ARM.ActiveCfg = Release|Any CPU
		{64A8FF3F-FF17-4C6F-AF25-66ABD4CE7CC4}.AppStore|ARM.Build.0 = Release|Any CPU
		{64A8FF3F-FF17-4C6F-AF25-66ABD4CE7CC4}.AppStore|iPhone.ActiveCfg = Release|Any CPU
		{64A8FF3F-FF17-4C6F-AF25-66ABD4CE7CC4}.AppStore|iPhone.Build.0 = Release|Any CPU
		{64A8FF3F-FF17-4C6F-AF25-66ABD4CE7CC4}.AppStore|iPhoneSimulator.ActiveCfg = Release|Any CPU
		{64A8FF3F-FF17-4C6F-AF25-66ABD4CE7CC4}.AppStore|iPhoneSimulator.Build.0 = Release|Any CPU
		{64A8FF3F-FF17-4C6F-AF25-66ABD4CE7CC4}.AppStore|x86.ActiveCfg = Release|Any CPU
		{64A8FF3F-FF17-4C6F-AF25-66ABD4CE7CC4}.AppStore|x86.Build.0 = Release|Any CPU
		{64A8FF3F-FF17-4C6F-AF25-66ABD4CE7CC4}.Debug|Any CPU.ActiveCfg = Debug|Any CPU
		{64A8FF3F-FF17-4C6F-AF25-66ABD4CE7CC4}.Debug|Any CPU.Build.0 = Debug|Any CPU
		{64A8FF3F-FF17-4C6F-AF25-66ABD4CE7CC4}.Debug|ARM.ActiveCfg = Debug|Any CPU
		{64A8FF3F-FF17-4C6F-AF25-66ABD4CE7CC4}.Debug|ARM.Build.0 = Debug|Any CPU
		{64A8FF3F-FF17-4C6F-AF25-66ABD4CE7CC4}.Debug|iPhone.ActiveCfg = Debug|Any CPU
		{64A8FF3F-FF17-4C6F-AF25-66ABD4CE7CC4}.Debug|iPhone.Build.0 = Debug|Any CPU
		{64A8FF3F-FF17-4C6F-AF25-66ABD4CE7CC4}.Debug|iPhoneSimulator.ActiveCfg = Debug|Any CPU
		{64A8FF3F-FF17-4C6F-AF25-66ABD4CE7CC4}.Debug|iPhoneSimulator.Build.0 = Debug|Any CPU
		{64A8FF3F-FF17-4C6F-AF25-66ABD4CE7CC4}.Debug|x86.ActiveCfg = Debug|Any CPU
		{64A8FF3F-FF17-4C6F-AF25-66ABD4CE7CC4}.Debug|x86.Build.0 = Debug|Any CPU
		{64A8FF3F-FF17-4C6F-AF25-66ABD4CE7CC4}.Release|Any CPU.ActiveCfg = Release|Any CPU
		{64A8FF3F-FF17-4C6F-AF25-66ABD4CE7CC4}.Release|Any CPU.Build.0 = Release|Any CPU
		{64A8FF3F-FF17-4C6F-AF25-66ABD4CE7CC4}.Release|ARM.ActiveCfg = Release|Any CPU
		{64A8FF3F-FF17-4C6F-AF25-66ABD4CE7CC4}.Release|ARM.Build.0 = Release|Any CPU
		{64A8FF3F-FF17-4C6F-AF25-66ABD4CE7CC4}.Release|iPhone.ActiveCfg = Release|Any CPU
		{64A8FF3F-FF17-4C6F-AF25-66ABD4CE7CC4}.Release|iPhone.Build.0 = Release|Any CPU
		{64A8FF3F-FF17-4C6F-AF25-66ABD4CE7CC4}.Release|iPhoneSimulator.ActiveCfg = Release|Any CPU
		{64A8FF3F-FF17-4C6F-AF25-66ABD4CE7CC4}.Release|iPhoneSimulator.Build.0 = Release|Any CPU
		{64A8FF3F-FF17-4C6F-AF25-66ABD4CE7CC4}.Release|x86.ActiveCfg = Release|Any CPU
		{64A8FF3F-FF17-4C6F-AF25-66ABD4CE7CC4}.Release|x86.Build.0 = Release|Any CPU
		{7FA25FD9-3BA5-43A5-A17B-C9B24B196894}.Ad-Hoc|Any CPU.ActiveCfg = Ad-Hoc|iPhone
		{7FA25FD9-3BA5-43A5-A17B-C9B24B196894}.Ad-Hoc|ARM.ActiveCfg = Ad-Hoc|iPhone
		{7FA25FD9-3BA5-43A5-A17B-C9B24B196894}.Ad-Hoc|iPhone.ActiveCfg = Ad-Hoc|iPhone
		{7FA25FD9-3BA5-43A5-A17B-C9B24B196894}.Ad-Hoc|iPhone.Build.0 = Ad-Hoc|iPhone
		{7FA25FD9-3BA5-43A5-A17B-C9B24B196894}.Ad-Hoc|iPhoneSimulator.ActiveCfg = Ad-Hoc|iPhoneSimulator
		{7FA25FD9-3BA5-43A5-A17B-C9B24B196894}.Ad-Hoc|iPhoneSimulator.Build.0 = Ad-Hoc|iPhoneSimulator
		{7FA25FD9-3BA5-43A5-A17B-C9B24B196894}.Ad-Hoc|x86.ActiveCfg = Ad-Hoc|iPhone
		{7FA25FD9-3BA5-43A5-A17B-C9B24B196894}.AppStore|Any CPU.ActiveCfg = AppStore|iPhone
		{7FA25FD9-3BA5-43A5-A17B-C9B24B196894}.AppStore|ARM.ActiveCfg = AppStore|iPhone
		{7FA25FD9-3BA5-43A5-A17B-C9B24B196894}.AppStore|iPhone.ActiveCfg = AppStore|iPhone
		{7FA25FD9-3BA5-43A5-A17B-C9B24B196894}.AppStore|iPhone.Build.0 = AppStore|iPhone
		{7FA25FD9-3BA5-43A5-A17B-C9B24B196894}.AppStore|iPhoneSimulator.ActiveCfg = AppStore|iPhoneSimulator
		{7FA25FD9-3BA5-43A5-A17B-C9B24B196894}.AppStore|iPhoneSimulator.Build.0 = AppStore|iPhoneSimulator
		{7FA25FD9-3BA5-43A5-A17B-C9B24B196894}.AppStore|x86.ActiveCfg = AppStore|iPhone
		{7FA25FD9-3BA5-43A5-A17B-C9B24B196894}.Debug|Any CPU.ActiveCfg = Debug|iPhoneSimulator
		{7FA25FD9-3BA5-43A5-A17B-C9B24B196894}.Debug|Any CPU.Build.0 = Debug|iPhoneSimulator
		{7FA25FD9-3BA5-43A5-A17B-C9B24B196894}.Debug|ARM.ActiveCfg = Debug|iPhone
		{7FA25FD9-3BA5-43A5-A17B-C9B24B196894}.Debug|iPhone.ActiveCfg = Debug|iPhone
		{7FA25FD9-3BA5-43A5-A17B-C9B24B196894}.Debug|iPhone.Build.0 = Debug|iPhone
		{7FA25FD9-3BA5-43A5-A17B-C9B24B196894}.Debug|iPhoneSimulator.ActiveCfg = Debug|iPhoneSimulator
		{7FA25FD9-3BA5-43A5-A17B-C9B24B196894}.Debug|iPhoneSimulator.Build.0 = Debug|iPhoneSimulator
		{7FA25FD9-3BA5-43A5-A17B-C9B24B196894}.Debug|x86.ActiveCfg = Debug|iPhone
		{7FA25FD9-3BA5-43A5-A17B-C9B24B196894}.Release|Any CPU.ActiveCfg = Release|iPhone
		{7FA25FD9-3BA5-43A5-A17B-C9B24B196894}.Release|ARM.ActiveCfg = Release|iPhone
		{7FA25FD9-3BA5-43A5-A17B-C9B24B196894}.Release|iPhone.ActiveCfg = Release|iPhone
		{7FA25FD9-3BA5-43A5-A17B-C9B24B196894}.Release|iPhone.Build.0 = Release|iPhone
		{7FA25FD9-3BA5-43A5-A17B-C9B24B196894}.Release|iPhoneSimulator.ActiveCfg = Release|iPhoneSimulator
		{7FA25FD9-3BA5-43A5-A17B-C9B24B196894}.Release|iPhoneSimulator.Build.0 = Release|iPhoneSimulator
		{7FA25FD9-3BA5-43A5-A17B-C9B24B196894}.Release|x86.ActiveCfg = Release|iPhone
		{B198099E-E404-4F3C-AB6E-05D4F9C7FD1A}.Ad-Hoc|Any CPU.ActiveCfg = Release|Any CPU
		{B198099E-E404-4F3C-AB6E-05D4F9C7FD1A}.Ad-Hoc|Any CPU.Build.0 = Release|Any CPU
		{B198099E-E404-4F3C-AB6E-05D4F9C7FD1A}.Ad-Hoc|Any CPU.Deploy.0 = Release|Any CPU
		{B198099E-E404-4F3C-AB6E-05D4F9C7FD1A}.Ad-Hoc|ARM.ActiveCfg = Release|Any CPU
		{B198099E-E404-4F3C-AB6E-05D4F9C7FD1A}.Ad-Hoc|ARM.Build.0 = Release|Any CPU
		{B198099E-E404-4F3C-AB6E-05D4F9C7FD1A}.Ad-Hoc|ARM.Deploy.0 = Release|Any CPU
		{B198099E-E404-4F3C-AB6E-05D4F9C7FD1A}.Ad-Hoc|iPhone.ActiveCfg = Release|Any CPU
		{B198099E-E404-4F3C-AB6E-05D4F9C7FD1A}.Ad-Hoc|iPhone.Build.0 = Release|Any CPU
		{B198099E-E404-4F3C-AB6E-05D4F9C7FD1A}.Ad-Hoc|iPhone.Deploy.0 = Release|Any CPU
		{B198099E-E404-4F3C-AB6E-05D4F9C7FD1A}.Ad-Hoc|iPhoneSimulator.ActiveCfg = Release|Any CPU
		{B198099E-E404-4F3C-AB6E-05D4F9C7FD1A}.Ad-Hoc|iPhoneSimulator.Build.0 = Release|Any CPU
		{B198099E-E404-4F3C-AB6E-05D4F9C7FD1A}.Ad-Hoc|iPhoneSimulator.Deploy.0 = Release|Any CPU
		{B198099E-E404-4F3C-AB6E-05D4F9C7FD1A}.Ad-Hoc|x86.ActiveCfg = Release|Any CPU
		{B198099E-E404-4F3C-AB6E-05D4F9C7FD1A}.Ad-Hoc|x86.Build.0 = Release|Any CPU
		{B198099E-E404-4F3C-AB6E-05D4F9C7FD1A}.Ad-Hoc|x86.Deploy.0 = Release|Any CPU
		{B198099E-E404-4F3C-AB6E-05D4F9C7FD1A}.AppStore|Any CPU.ActiveCfg = Release|Any CPU
		{B198099E-E404-4F3C-AB6E-05D4F9C7FD1A}.AppStore|Any CPU.Build.0 = Release|Any CPU
		{B198099E-E404-4F3C-AB6E-05D4F9C7FD1A}.AppStore|Any CPU.Deploy.0 = Release|Any CPU
		{B198099E-E404-4F3C-AB6E-05D4F9C7FD1A}.AppStore|ARM.ActiveCfg = Release|Any CPU
		{B198099E-E404-4F3C-AB6E-05D4F9C7FD1A}.AppStore|ARM.Build.0 = Release|Any CPU
		{B198099E-E404-4F3C-AB6E-05D4F9C7FD1A}.AppStore|ARM.Deploy.0 = Release|Any CPU
		{B198099E-E404-4F3C-AB6E-05D4F9C7FD1A}.AppStore|iPhone.ActiveCfg = Release|Any CPU
		{B198099E-E404-4F3C-AB6E-05D4F9C7FD1A}.AppStore|iPhone.Build.0 = Release|Any CPU
		{B198099E-E404-4F3C-AB6E-05D4F9C7FD1A}.AppStore|iPhone.Deploy.0 = Release|Any CPU
		{B198099E-E404-4F3C-AB6E-05D4F9C7FD1A}.AppStore|iPhoneSimulator.ActiveCfg = Release|Any CPU
		{B198099E-E404-4F3C-AB6E-05D4F9C7FD1A}.AppStore|iPhoneSimulator.Build.0 = Release|Any CPU
		{B198099E-E404-4F3C-AB6E-05D4F9C7FD1A}.AppStore|iPhoneSimulator.Deploy.0 = Release|Any CPU
		{B198099E-E404-4F3C-AB6E-05D4F9C7FD1A}.AppStore|x86.ActiveCfg = Release|Any CPU
		{B198099E-E404-4F3C-AB6E-05D4F9C7FD1A}.AppStore|x86.Build.0 = Release|Any CPU
		{B198099E-E404-4F3C-AB6E-05D4F9C7FD1A}.AppStore|x86.Deploy.0 = Release|Any CPU
		{B198099E-E404-4F3C-AB6E-05D4F9C7FD1A}.Debug|Any CPU.ActiveCfg = Debug|Any CPU
		{B198099E-E404-4F3C-AB6E-05D4F9C7FD1A}.Debug|Any CPU.Build.0 = Debug|Any CPU
		{B198099E-E404-4F3C-AB6E-05D4F9C7FD1A}.Debug|Any CPU.Deploy.0 = Debug|Any CPU
		{B198099E-E404-4F3C-AB6E-05D4F9C7FD1A}.Debug|ARM.ActiveCfg = Debug|Any CPU
		{B198099E-E404-4F3C-AB6E-05D4F9C7FD1A}.Debug|ARM.Build.0 = Debug|Any CPU
		{B198099E-E404-4F3C-AB6E-05D4F9C7FD1A}.Debug|ARM.Deploy.0 = Debug|Any CPU
		{B198099E-E404-4F3C-AB6E-05D4F9C7FD1A}.Debug|iPhone.ActiveCfg = Debug|Any CPU
		{B198099E-E404-4F3C-AB6E-05D4F9C7FD1A}.Debug|iPhone.Build.0 = Debug|Any CPU
		{B198099E-E404-4F3C-AB6E-05D4F9C7FD1A}.Debug|iPhone.Deploy.0 = Debug|Any CPU
		{B198099E-E404-4F3C-AB6E-05D4F9C7FD1A}.Debug|iPhoneSimulator.ActiveCfg = Debug|Any CPU
		{B198099E-E404-4F3C-AB6E-05D4F9C7FD1A}.Debug|iPhoneSimulator.Build.0 = Debug|Any CPU
		{B198099E-E404-4F3C-AB6E-05D4F9C7FD1A}.Debug|iPhoneSimulator.Deploy.0 = Debug|Any CPU
		{B198099E-E404-4F3C-AB6E-05D4F9C7FD1A}.Debug|x86.ActiveCfg = Debug|Any CPU
		{B198099E-E404-4F3C-AB6E-05D4F9C7FD1A}.Debug|x86.Build.0 = Debug|Any CPU
		{B198099E-E404-4F3C-AB6E-05D4F9C7FD1A}.Debug|x86.Deploy.0 = Debug|Any CPU
		{B198099E-E404-4F3C-AB6E-05D4F9C7FD1A}.Release|Any CPU.ActiveCfg = Release|Any CPU
		{B198099E-E404-4F3C-AB6E-05D4F9C7FD1A}.Release|Any CPU.Build.0 = Release|Any CPU
		{B198099E-E404-4F3C-AB6E-05D4F9C7FD1A}.Release|Any CPU.Deploy.0 = Release|Any CPU
		{B198099E-E404-4F3C-AB6E-05D4F9C7FD1A}.Release|ARM.ActiveCfg = Release|Any CPU
		{B198099E-E404-4F3C-AB6E-05D4F9C7FD1A}.Release|ARM.Build.0 = Release|Any CPU
		{B198099E-E404-4F3C-AB6E-05D4F9C7FD1A}.Release|ARM.Deploy.0 = Release|Any CPU
		{B198099E-E404-4F3C-AB6E-05D4F9C7FD1A}.Release|iPhone.ActiveCfg = Release|Any CPU
		{B198099E-E404-4F3C-AB6E-05D4F9C7FD1A}.Release|iPhone.Build.0 = Release|Any CPU
		{B198099E-E404-4F3C-AB6E-05D4F9C7FD1A}.Release|iPhone.Deploy.0 = Release|Any CPU
		{B198099E-E404-4F3C-AB6E-05D4F9C7FD1A}.Release|iPhoneSimulator.ActiveCfg = Release|Any CPU
		{B198099E-E404-4F3C-AB6E-05D4F9C7FD1A}.Release|iPhoneSimulator.Build.0 = Release|Any CPU
		{B198099E-E404-4F3C-AB6E-05D4F9C7FD1A}.Release|iPhoneSimulator.Deploy.0 = Release|Any CPU
		{B198099E-E404-4F3C-AB6E-05D4F9C7FD1A}.Release|x86.ActiveCfg = Release|Any CPU
		{B198099E-E404-4F3C-AB6E-05D4F9C7FD1A}.Release|x86.Build.0 = Release|Any CPU
		{B198099E-E404-4F3C-AB6E-05D4F9C7FD1A}.Release|x86.Deploy.0 = Release|Any CPU
		{A43BEB38-6B71-4C7C-BD1D-751EDC4690F0}.Ad-Hoc|Any CPU.ActiveCfg = Release|Any CPU
		{A43BEB38-6B71-4C7C-BD1D-751EDC4690F0}.Ad-Hoc|Any CPU.Build.0 = Release|Any CPU
		{A43BEB38-6B71-4C7C-BD1D-751EDC4690F0}.Ad-Hoc|Any CPU.Deploy.0 = Release|Any CPU
		{A43BEB38-6B71-4C7C-BD1D-751EDC4690F0}.Ad-Hoc|ARM.ActiveCfg = Release|ARM
		{A43BEB38-6B71-4C7C-BD1D-751EDC4690F0}.Ad-Hoc|ARM.Build.0 = Release|ARM
		{A43BEB38-6B71-4C7C-BD1D-751EDC4690F0}.Ad-Hoc|ARM.Deploy.0 = Release|ARM
		{A43BEB38-6B71-4C7C-BD1D-751EDC4690F0}.Ad-Hoc|iPhone.ActiveCfg = Release|Any CPU
		{A43BEB38-6B71-4C7C-BD1D-751EDC4690F0}.Ad-Hoc|iPhone.Build.0 = Release|Any CPU
		{A43BEB38-6B71-4C7C-BD1D-751EDC4690F0}.Ad-Hoc|iPhone.Deploy.0 = Release|Any CPU
		{A43BEB38-6B71-4C7C-BD1D-751EDC4690F0}.Ad-Hoc|iPhoneSimulator.ActiveCfg = Release|Any CPU
		{A43BEB38-6B71-4C7C-BD1D-751EDC4690F0}.Ad-Hoc|iPhoneSimulator.Build.0 = Release|Any CPU
		{A43BEB38-6B71-4C7C-BD1D-751EDC4690F0}.Ad-Hoc|iPhoneSimulator.Deploy.0 = Release|Any CPU
		{A43BEB38-6B71-4C7C-BD1D-751EDC4690F0}.Ad-Hoc|x86.ActiveCfg = Release|x86
		{A43BEB38-6B71-4C7C-BD1D-751EDC4690F0}.Ad-Hoc|x86.Build.0 = Release|x86
		{A43BEB38-6B71-4C7C-BD1D-751EDC4690F0}.Ad-Hoc|x86.Deploy.0 = Release|x86
		{A43BEB38-6B71-4C7C-BD1D-751EDC4690F0}.AppStore|Any CPU.ActiveCfg = Release|Any CPU
		{A43BEB38-6B71-4C7C-BD1D-751EDC4690F0}.AppStore|Any CPU.Build.0 = Release|Any CPU
		{A43BEB38-6B71-4C7C-BD1D-751EDC4690F0}.AppStore|Any CPU.Deploy.0 = Release|Any CPU
		{A43BEB38-6B71-4C7C-BD1D-751EDC4690F0}.AppStore|ARM.ActiveCfg = Release|ARM
		{A43BEB38-6B71-4C7C-BD1D-751EDC4690F0}.AppStore|ARM.Build.0 = Release|ARM
		{A43BEB38-6B71-4C7C-BD1D-751EDC4690F0}.AppStore|ARM.Deploy.0 = Release|ARM
		{A43BEB38-6B71-4C7C-BD1D-751EDC4690F0}.AppStore|iPhone.ActiveCfg = Release|Any CPU
		{A43BEB38-6B71-4C7C-BD1D-751EDC4690F0}.AppStore|iPhone.Build.0 = Release|Any CPU
		{A43BEB38-6B71-4C7C-BD1D-751EDC4690F0}.AppStore|iPhone.Deploy.0 = Release|Any CPU
		{A43BEB38-6B71-4C7C-BD1D-751EDC4690F0}.AppStore|iPhoneSimulator.ActiveCfg = Release|Any CPU
		{A43BEB38-6B71-4C7C-BD1D-751EDC4690F0}.AppStore|iPhoneSimulator.Build.0 = Release|Any CPU
		{A43BEB38-6B71-4C7C-BD1D-751EDC4690F0}.AppStore|iPhoneSimulator.Deploy.0 = Release|Any CPU
		{A43BEB38-6B71-4C7C-BD1D-751EDC4690F0}.AppStore|x86.ActiveCfg = Release|x86
		{A43BEB38-6B71-4C7C-BD1D-751EDC4690F0}.AppStore|x86.Build.0 = Release|x86
		{A43BEB38-6B71-4C7C-BD1D-751EDC4690F0}.AppStore|x86.Deploy.0 = Release|x86
		{A43BEB38-6B71-4C7C-BD1D-751EDC4690F0}.Debug|Any CPU.ActiveCfg = Debug|Any CPU
		{A43BEB38-6B71-4C7C-BD1D-751EDC4690F0}.Debug|Any CPU.Build.0 = Debug|Any CPU
		{A43BEB38-6B71-4C7C-BD1D-751EDC4690F0}.Debug|Any CPU.Deploy.0 = Debug|Any CPU
		{A43BEB38-6B71-4C7C-BD1D-751EDC4690F0}.Debug|ARM.ActiveCfg = Debug|ARM
		{A43BEB38-6B71-4C7C-BD1D-751EDC4690F0}.Debug|ARM.Build.0 = Debug|ARM
		{A43BEB38-6B71-4C7C-BD1D-751EDC4690F0}.Debug|ARM.Deploy.0 = Debug|ARM
		{A43BEB38-6B71-4C7C-BD1D-751EDC4690F0}.Debug|iPhone.ActiveCfg = Debug|Any CPU
		{A43BEB38-6B71-4C7C-BD1D-751EDC4690F0}.Debug|iPhone.Build.0 = Debug|Any CPU
		{A43BEB38-6B71-4C7C-BD1D-751EDC4690F0}.Debug|iPhone.Deploy.0 = Debug|Any CPU
		{A43BEB38-6B71-4C7C-BD1D-751EDC4690F0}.Debug|iPhoneSimulator.ActiveCfg = Debug|Any CPU
		{A43BEB38-6B71-4C7C-BD1D-751EDC4690F0}.Debug|iPhoneSimulator.Build.0 = Debug|Any CPU
		{A43BEB38-6B71-4C7C-BD1D-751EDC4690F0}.Debug|iPhoneSimulator.Deploy.0 = Debug|Any CPU
		{A43BEB38-6B71-4C7C-BD1D-751EDC4690F0}.Debug|x86.ActiveCfg = Debug|x86
		{A43BEB38-6B71-4C7C-BD1D-751EDC4690F0}.Debug|x86.Build.0 = Debug|x86
		{A43BEB38-6B71-4C7C-BD1D-751EDC4690F0}.Debug|x86.Deploy.0 = Debug|x86
		{A43BEB38-6B71-4C7C-BD1D-751EDC4690F0}.Release|Any CPU.ActiveCfg = Release|Any CPU
		{A43BEB38-6B71-4C7C-BD1D-751EDC4690F0}.Release|Any CPU.Build.0 = Release|Any CPU
		{A43BEB38-6B71-4C7C-BD1D-751EDC4690F0}.Release|Any CPU.Deploy.0 = Release|Any CPU
		{A43BEB38-6B71-4C7C-BD1D-751EDC4690F0}.Release|ARM.ActiveCfg = Release|ARM
		{A43BEB38-6B71-4C7C-BD1D-751EDC4690F0}.Release|ARM.Build.0 = Release|ARM
		{A43BEB38-6B71-4C7C-BD1D-751EDC4690F0}.Release|ARM.Deploy.0 = Release|ARM
		{A43BEB38-6B71-4C7C-BD1D-751EDC4690F0}.Release|iPhone.ActiveCfg = Release|Any CPU
		{A43BEB38-6B71-4C7C-BD1D-751EDC4690F0}.Release|iPhone.Build.0 = Release|Any CPU
		{A43BEB38-6B71-4C7C-BD1D-751EDC4690F0}.Release|iPhone.Deploy.0 = Release|Any CPU
		{A43BEB38-6B71-4C7C-BD1D-751EDC4690F0}.Release|iPhoneSimulator.ActiveCfg = Release|Any CPU
		{A43BEB38-6B71-4C7C-BD1D-751EDC4690F0}.Release|iPhoneSimulator.Build.0 = Release|Any CPU
		{A43BEB38-6B71-4C7C-BD1D-751EDC4690F0}.Release|iPhoneSimulator.Deploy.0 = Release|Any CPU
		{A43BEB38-6B71-4C7C-BD1D-751EDC4690F0}.Release|x86.ActiveCfg = Release|x86
		{A43BEB38-6B71-4C7C-BD1D-751EDC4690F0}.Release|x86.Build.0 = Release|x86
		{A43BEB38-6B71-4C7C-BD1D-751EDC4690F0}.Release|x86.Deploy.0 = Release|x86
	EndGlobalSection
	GlobalSection(SolutionProperties) = preSolution
		HideSolutionNode = FALSE
	EndGlobalSection
EndGlobal
